# This file is automatically @generated by Cargo.
# It is not intended for manual editing.
version = 3

[[package]]
name = "cc"
version = "1.0.79"
source = "registry+https://github.com/rust-lang/crates.io-index"
checksum = "50d30906286121d95be3d479533b458f87493b30a4b5f79a607db8f5d11aa91f"

[[package]]
name = "hello"
version = "0.1.0"
dependencies = [
 "cc",
]

[[package]]
name = "libc"
version = "0.2.144"
source = "registry+https://github.com/rust-lang/crates.io-index"
checksum = "2b00cc1c228a6782d0f076e7b232802e0c5689d41bb5df366f2a6b6621cfdfe1"

[[package]]
name = "paste"
version = "1.0.12"
source = "registry+https://github.com/rust-lang/crates.io-index"
checksum = "9f746c4065a8fa3fe23974dd82f15431cc8d40779821001404d10d2e79ca7d79"

[[package]]
name = "test-jemalloc"
version = "0.1.0"
dependencies = [
 "hello",
 "tikv-jemalloc-ctl",
 "tikv-jemalloc-sys",
 "tikv-jemallocator",
]

[[package]]
name = "tikv-jemalloc-ctl"
version = "0.5.0"
source = "registry+https://github.com/rust-lang/crates.io-index"
checksum = "e37706572f4b151dff7a0146e040804e9c26fe3a3118591112f05cf12a4216c1"
dependencies = [
 "libc",
 "paste",
 "tikv-jemalloc-sys",
]

[[package]]
name = "tikv-jemalloc-sys"
version = "0.5.3+5.3.0-patched"
source = "registry+https://github.com/rust-lang/crates.io-index"
checksum = "a678df20055b43e57ef8cddde41cdfda9a3c1a060b67f4c5836dfb1d78543ba8"
dependencies = [
 "cc",
 "libc",
]

[[package]]
name = "tikv-jemallocator"
version = "0.5.0"
source = "registry+https://github.com/rust-lang/crates.io-index"
checksum = "20612db8a13a6c06d57ec83953694185a367e16945f66565e8028d2c0bd76979"
dependencies = [
 "libc",
 "tikv-jemalloc-sys",
]
